
Microsoft Visual Studio Solution File, Format Version 12.00
# Visual Studio Version 16
VisualStudioVersion = 16.0.30320.27
MinimumVisualStudioVersion = 10.0.40219.1
Project("{FAE04EC0-301F-11D3-BF4B-00C04F79EFBC}") = "MyWebApp", "MyWebApp\MyWebApp.csproj", "{88CA0C93-7789-4FD4-B2A3-DFC5244E34DB}"
EndProject
Global
	GlobalSection(SolutionConfigurationPlatforms) = preSolution
		Debug|Any CPU = Debug|Any CPU
		Release|Any CPU = Release|Any CPU
	EndGlobalSection
	GlobalSection(ProjectConfigurationPlatforms) = postSolution
		{88CA0C93-7789-4FD4-B2A3-DFC5244E34DB}.Debug|Any CPU.ActiveCfg = Debug|Any CPU
		{88CA0C93-7789-4FD4-B2A3-DFC5244E34DB}.Debug|Any CPU.Build.0 = Debug|Any CPU
		{88CA0C93-7789-4FD4-B2A3-DFC5244E34DB}.Release|Any CPU.ActiveCfg = Release|Any CPU
		{88CA0C93-7789-4FD4-B2A3-DFC5244E34DB}.Release|Any CPU.Build.0 = Release|Any CPU
	EndGlobalSection
	GlobalSection(SolutionProperties) = preSolution
		HideSolutionNode = FALSE
	EndGlobalSection
	GlobalSection(ExtensibilityGlobals) = postSolution
		SolutionGuid = {32EBC754-922B-4559-8C71-41884D356F40}
	EndGlobalSection
EndGlobal
